// !$*UTF8*$!
{
	archiveVersion = 1;
	classes = {
	};
	objectVersion = 46;
	objects = {

/* Begin PBXBuildFile section */
		B92114C118FEC48C0057EC2E /* FriendSelectViewController.m in Sources */ = {isa = PBXBuildFile; fileRef = B92114C018FEC48C0057EC2E /* FriendSelectViewController.m */; };
		B958C74818F7D8320043A3AC /* Foundation.framework in Frameworks */ = {isa = PBXBuildFile; fileRef = B958C74718F7D8320043A3AC /* Foundation.framework */; };
		B958C74A18F7D8320043A3AC /* CoreGraphics.framework in Frameworks */ = {isa = PBXBuildFile; fileRef = B958C74918F7D8320043A3AC /* CoreGraphics.framework */; };
		B958C74C18F7D8320043A3AC /* UIKit.framework in Frameworks */ = {isa = PBXBuildFile; fileRef = B958C74B18F7D8320043A3AC /* UIKit.framework */; };
		B958C75418F7D8320043A3AC /* main.m in Sources */ = {isa = PBXBuildFile; fileRef = B958C75318F7D8320043A3AC /* main.m */; };
		B958C75818F7D8320043A3AC /* AppDelegate.m in Sources */ = {isa = PBXBuildFile; fileRef = B958C75718F7D8320043A3AC /* AppDelegate.m */; };
		B958C76D18F7D8320043A3AC /* XCTest.framework in Frameworks */ = {isa = PBXBuildFile; fileRef = B958C76C18F7D8320043A3AC /* XCTest.framework */; };
		B958C76E18F7D8320043A3AC /* Foundation.framework in Frameworks */ = {isa = PBXBuildFile; fileRef = B958C74718F7D8320043A3AC /* Foundation.framework */; };
		B958C76F18F7D8320043A3AC /* UIKit.framework in Frameworks */ = {isa = PBXBuildFile; fileRef = B958C74B18F7D8320043A3AC /* UIKit.framework */; };
		B958C77718F7D8320043A3AC /* InfoPlist.strings in Resources */ = {isa = PBXBuildFile; fileRef = B958C77518F7D8320043A3AC /* InfoPlist.strings */; };
		B958C77918F7D8320043A3AC /* chatTests.m in Sources */ = {isa = PBXBuildFile; fileRef = B958C77818F7D8320043A3AC /* chatTests.m */; };
		B958C78718F7ED720043A3AC /* LoginViewController.m in Sources */ = {isa = PBXBuildFile; fileRef = B958C78618F7ED720043A3AC /* LoginViewController.m */; };
		B958C78918F80EC10043A3AC /* Main_iPhone.storyboard in Resources */ = {isa = PBXBuildFile; fileRef = B958C78818F80EC10043A3AC /* Main_iPhone.storyboard */; };
		B958C78C18F949F90043A3AC /* ThingsViewController.m in Sources */ = {isa = PBXBuildFile; fileRef = B958C78B18F949F90043A3AC /* ThingsViewController.m */; };
		B958C78F18FBAF350043A3AC /* DataManager.m in Sources */ = {isa = PBXBuildFile; fileRef = B958C78E18FBAF350043A3AC /* DataManager.m */; };
		B958C79218FBB7140043A3AC /* MomentsViewController.m in Sources */ = {isa = PBXBuildFile; fileRef = B958C79118FBB7140043A3AC /* MomentsViewController.m */; };
		B958C79418FBDB790043A3AC /* Images.xcassets in Resources */ = {isa = PBXBuildFile; fileRef = B958C79318FBDB790043A3AC /* Images.xcassets */; };
		B958C79718FBE7A20043A3AC /* HomeViewController.m in Sources */ = {isa = PBXBuildFile; fileRef = B958C79618FBE7A20043A3AC /* HomeViewController.m */; };
		B95A6E9D1903F75900954F9D /* FINDALLMOMENT_result.txt in Resources */ = {isa = PBXBuildFile; fileRef = B95A6E9C1903F75900954F9D /* FINDALLMOMENT_result.txt */; };
		B95A6E9F19053BFF00954F9D /* FINDTHING_result.txt in Resources */ = {isa = PBXBuildFile; fileRef = B95A6E9E19053BFF00954F9D /* FINDTHING_result.txt */; };
		B9CB01E018FFC942001D4100 /* MomentsAddViewController.m in Sources */ = {isa = PBXBuildFile; fileRef = B9CB01DF18FFC942001D4100 /* MomentsAddViewController.m */; };
		B9CB01E31900157F001D4100 /* ThingsTableViewController.m in Sources */ = {isa = PBXBuildFile; fileRef = B9CB01E21900157F001D4100 /* ThingsTableViewController.m */; };
		B9CB01E619001639001D4100 /* ThingsCollectionViewController.m in Sources */ = {isa = PBXBuildFile; fileRef = B9CB01E519001639001D4100 /* ThingsCollectionViewController.m */; };
		B9CB01E91900F7C6001D4100 /* ThingsPageViewController.m in Sources */ = {isa = PBXBuildFile; fileRef = B9CB01E81900F7C6001D4100 /* ThingsPageViewController.m */; };
		FE136F7E190E07DF00D0D82B /* terms.html in Resources */ = {isa = PBXBuildFile; fileRef = FE136F7D190E07DF00D0D82B /* terms.html */; };
		FE136F8C190E1F7900D0D82B /* InfoPlist.strings in Resources */ = {isa = PBXBuildFile; fileRef = FE136F80190E1F7900D0D82B /* InfoPlist.strings */; };
		FE136F8D190E1F7900D0D82B /* Localizable.strings in Resources */ = {isa = PBXBuildFile; fileRef = FE136F82190E1F7900D0D82B /* Localizable.strings */; };
		FE136F8E190E1F7900D0D82B /* InfoPlist.strings in Resources */ = {isa = PBXBuildFile; fileRef = FE136F85190E1F7900D0D82B /* InfoPlist.strings */; };
		FE136F8F190E1F7900D0D82B /* Localizable.strings in Resources */ = {isa = PBXBuildFile; fileRef = FE136F87190E1F7900D0D82B /* Localizable.strings */; };
		FE136F90190E1F7900D0D82B /* InfoPlist.strings in Resources */ = {isa = PBXBuildFile; fileRef = FE136F8A190E1F7900D0D82B /* InfoPlist.strings */; };
		FEE23425190503B60046F525 /* RegisterViewController.m in Sources */ = {isa = PBXBuildFile; fileRef = FEE23424190503B60046F525 /* RegisterViewController.m */; };
		FEE234281905064E0046F525 /* UnderLineLabel.m in Sources */ = {isa = PBXBuildFile; fileRef = FEE234271905064E0046F525 /* UnderLineLabel.m */; };
		FEE2342B19050CDC0046F525 /* TermsViewController.m in Sources */ = {isa = PBXBuildFile; fileRef = FEE2342A19050CDC0046F525 /* TermsViewController.m */; };
/* End PBXBuildFile section */

/* Begin PBXContainerItemProxy section */
		B958C77018F7D8320043A3AC /* PBXContainerItemProxy */ = {
			isa = PBXContainerItemProxy;
			containerPortal = B958C73C18F7D8320043A3AC /* Project object */;
			proxyType = 1;
			remoteGlobalIDString = B958C74318F7D8320043A3AC;
			remoteInfo = chat;
		};
/* End PBXContainerItemProxy section */

/* Begin PBXFileReference section */
		B92114BF18FEC48C0057EC2E /* FriendSelectViewController.h */ = {isa = PBXFileReference; fileEncoding = 4; lastKnownFileType = sourcecode.c.h; path = FriendSelectViewController.h; sourceTree = "<group>"; };
		B92114C018FEC48C0057EC2E /* FriendSelectViewController.m */ = {isa = PBXFileReference; fileEncoding = 4; lastKnownFileType = sourcecode.c.objc; path = FriendSelectViewController.m; sourceTree = "<group>"; };
		B958C74418F7D8320043A3AC /* chat.app */ = {isa = PBXFileReference; explicitFileType = wrapper.application; includeInIndex = 0; path = chat.app; sourceTree = BUILT_PRODUCTS_DIR; };
		B958C74718F7D8320043A3AC /* Foundation.framework */ = {isa = PBXFileReference; lastKnownFileType = wrapper.framework; name = Foundation.framework; path = System/Library/Frameworks/Foundation.framework; sourceTree = SDKROOT; };
		B958C74918F7D8320043A3AC /* CoreGraphics.framework */ = {isa = PBXFileReference; lastKnownFileType = wrapper.framework; name = CoreGraphics.framework; path = System/Library/Frameworks/CoreGraphics.framework; sourceTree = SDKROOT; };
		B958C74B18F7D8320043A3AC /* UIKit.framework */ = {isa = PBXFileReference; lastKnownFileType = wrapper.framework; name = UIKit.framework; path = System/Library/Frameworks/UIKit.framework; sourceTree = SDKROOT; };
		B958C74F18F7D8320043A3AC /* chat-Info.plist */ = {isa = PBXFileReference; lastKnownFileType = text.plist.xml; path = "chat-Info.plist"; sourceTree = "<group>"; };
		B958C75318F7D8320043A3AC /* main.m */ = {isa = PBXFileReference; lastKnownFileType = sourcecode.c.objc; path = main.m; sourceTree = "<group>"; };
		B958C75518F7D8320043A3AC /* chat-Prefix.pch */ = {isa = PBXFileReference; lastKnownFileType = sourcecode.c.h; path = "chat-Prefix.pch"; sourceTree = "<group>"; };
		B958C75618F7D8320043A3AC /* AppDelegate.h */ = {isa = PBXFileReference; lastKnownFileType = sourcecode.c.h; path = AppDelegate.h; sourceTree = "<group>"; };
		B958C75718F7D8320043A3AC /* AppDelegate.m */ = {isa = PBXFileReference; lastKnownFileType = sourcecode.c.objc; path = AppDelegate.m; sourceTree = "<group>"; };
		B958C76B18F7D8320043A3AC /* chatTests.xctest */ = {isa = PBXFileReference; explicitFileType = wrapper.cfbundle; includeInIndex = 0; path = chatTests.xctest; sourceTree = BUILT_PRODUCTS_DIR; };
		B958C76C18F7D8320043A3AC /* XCTest.framework */ = {isa = PBXFileReference; lastKnownFileType = wrapper.framework; name = XCTest.framework; path = Library/Frameworks/XCTest.framework; sourceTree = DEVELOPER_DIR; };
		B958C77418F7D8320043A3AC /* chatTests-Info.plist */ = {isa = PBXFileReference; lastKnownFileType = text.plist.xml; path = "chatTests-Info.plist"; sourceTree = "<group>"; };
		B958C77618F7D8320043A3AC /* en */ = {isa = PBXFileReference; lastKnownFileType = text.plist.strings; name = en; path = en.lproj/InfoPlist.strings; sourceTree = "<group>"; };
		B958C77818F7D8320043A3AC /* chatTests.m */ = {isa = PBXFileReference; lastKnownFileType = sourcecode.c.objc; path = chatTests.m; sourceTree = "<group>"; };
		B958C78518F7ED720043A3AC /* LoginViewController.h */ = {isa = PBXFileReference; fileEncoding = 4; lastKnownFileType = sourcecode.c.h; path = LoginViewController.h; sourceTree = "<group>"; };
		B958C78618F7ED720043A3AC /* LoginViewController.m */ = {isa = PBXFileReference; fileEncoding = 4; lastKnownFileType = sourcecode.c.objc; path = LoginViewController.m; sourceTree = "<group>"; };
		B958C78818F80EC10043A3AC /* Main_iPhone.storyboard */ = {isa = PBXFileReference; fileEncoding = 4; lastKnownFileType = file.storyboard; path = Main_iPhone.storyboard; sourceTree = "<group>"; };
		B958C78A18F949F90043A3AC /* ThingsViewController.h */ = {isa = PBXFileReference; fileEncoding = 4; lastKnownFileType = sourcecode.c.h; path = ThingsViewController.h; sourceTree = "<group>"; };
		B958C78B18F949F90043A3AC /* ThingsViewController.m */ = {isa = PBXFileReference; fileEncoding = 4; lastKnownFileType = sourcecode.c.objc; path = ThingsViewController.m; sourceTree = "<group>"; };
		B958C78D18FBAF350043A3AC /* DataManager.h */ = {isa = PBXFileReference; fileEncoding = 4; lastKnownFileType = sourcecode.c.h; path = DataManager.h; sourceTree = "<group>"; };
		B958C78E18FBAF350043A3AC /* DataManager.m */ = {isa = PBXFileReference; fileEncoding = 4; lastKnownFileType = sourcecode.c.objc; path = DataManager.m; sourceTree = "<group>"; };
		B958C79018FBB7140043A3AC /* MomentsViewController.h */ = {isa = PBXFileReference; fileEncoding = 4; lastKnownFileType = sourcecode.c.h; path = MomentsViewController.h; sourceTree = "<group>"; };
		B958C79118FBB7140043A3AC /* MomentsViewController.m */ = {isa = PBXFileReference; fileEncoding = 4; lastKnownFileType = sourcecode.c.objc; path = MomentsViewController.m; sourceTree = "<group>"; };
		B958C79318FBDB790043A3AC /* Images.xcassets */ = {isa = PBXFileReference; lastKnownFileType = folder.assetcatalog; path = Images.xcassets; sourceTree = "<group>"; };
		B958C79518FBE7A20043A3AC /* HomeViewController.h */ = {isa = PBXFileReference; fileEncoding = 4; lastKnownFileType = sourcecode.c.h; path = HomeViewController.h; sourceTree = "<group>"; };
		B958C79618FBE7A20043A3AC /* HomeViewController.m */ = {isa = PBXFileReference; fileEncoding = 4; lastKnownFileType = sourcecode.c.objc; path = HomeViewController.m; sourceTree = "<group>"; };
		B95A6E9C1903F75900954F9D /* FINDALLMOMENT_result.txt */ = {isa = PBXFileReference; fileEncoding = 4; lastKnownFileType = text; path = FINDALLMOMENT_result.txt; sourceTree = "<group>"; };
		B95A6E9E19053BFF00954F9D /* FINDTHING_result.txt */ = {isa = PBXFileReference; fileEncoding = 4; lastKnownFileType = text; path = FINDTHING_result.txt; sourceTree = "<group>"; };
		B9CB01DE18FFC942001D4100 /* MomentsAddViewController.h */ = {isa = PBXFileReference; fileEncoding = 4; lastKnownFileType = sourcecode.c.h; path = MomentsAddViewController.h; sourceTree = "<group>"; };
		B9CB01DF18FFC942001D4100 /* MomentsAddViewController.m */ = {isa = PBXFileReference; fileEncoding = 4; lastKnownFileType = sourcecode.c.objc; path = MomentsAddViewController.m; sourceTree = "<group>"; };
		B9CB01E11900157F001D4100 /* ThingsTableViewController.h */ = {isa = PBXFileReference; fileEncoding = 4; lastKnownFileType = sourcecode.c.h; path = ThingsTableViewController.h; sourceTree = "<group>"; };
		B9CB01E21900157F001D4100 /* ThingsTableViewController.m */ = {isa = PBXFileReference; fileEncoding = 4; lastKnownFileType = sourcecode.c.objc; path = ThingsTableViewController.m; sourceTree = "<group>"; };
		B9CB01E419001639001D4100 /* ThingsCollectionViewController.h */ = {isa = PBXFileReference; fileEncoding = 4; lastKnownFileType = sourcecode.c.h; path = ThingsCollectionViewController.h; sourceTree = "<group>"; };
		B9CB01E519001639001D4100 /* ThingsCollectionViewController.m */ = {isa = PBXFileReference; fileEncoding = 4; lastKnownFileType = sourcecode.c.objc; path = ThingsCollectionViewController.m; sourceTree = "<group>"; };
		B9CB01E71900F7C6001D4100 /* ThingsPageViewController.h */ = {isa = PBXFileReference; fileEncoding = 4; lastKnownFileType = sourcecode.c.h; path = ThingsPageViewController.h; sourceTree = "<group>"; };
		B9CB01E81900F7C6001D4100 /* ThingsPageViewController.m */ = {isa = PBXFileReference; fileEncoding = 4; lastKnownFileType = sourcecode.c.objc; path = ThingsPageViewController.m; sourceTree = "<group>"; };
		FE01E1F21904F3810068A479 /* zh-Hans */ = {isa = PBXFileReference; lastKnownFileType = text.plist.strings; name = "zh-Hans"; path = "zh-Hans.lproj/InfoPlist.strings"; sourceTree = "<group>"; };
		FE136F7D190E07DF00D0D82B /* terms.html */ = {isa = PBXFileReference; fileEncoding = 4; lastKnownFileType = text.html; path = terms.html; sourceTree = "<group>"; };
		FE136F81190E1F7900D0D82B /* en */ = {isa = PBXFileReference; lastKnownFileType = text.plist.strings; name = en; path = InfoPlist.strings; sourceTree = "<group>"; };
		FE136F83190E1F7900D0D82B /* en */ = {isa = PBXFileReference; lastKnownFileType = text.plist.strings; name = en; path = Localizable.strings; sourceTree = "<group>"; };
		FE136F86190E1F7900D0D82B /* zh-Hans */ = {isa = PBXFileReference; lastKnownFileType = text.plist.strings; name = "zh-Hans"; path = InfoPlist.strings; sourceTree = "<group>"; };
		FE136F88190E1F7900D0D82B /* zh-Hans */ = {isa = PBXFileReference; lastKnownFileType = text.plist.strings; name = "zh-Hans"; path = Localizable.strings; sourceTree = "<group>"; };
		FE136F8B190E1F7900D0D82B /* zh-Hant */ = {isa = PBXFileReference; lastKnownFileType = text.plist.strings; name = "zh-Hant"; path = InfoPlist.strings; sourceTree = "<group>"; };
		FEE23423190503B60046F525 /* RegisterViewController.h */ = {isa = PBXFileReference; fileEncoding = 4; lastKnownFileType = sourcecode.c.h; path = RegisterViewController.h; sourceTree = "<group>"; };
		FEE23424190503B60046F525 /* RegisterViewController.m */ = {isa = PBXFileReference; fileEncoding = 4; lastKnownFileType = sourcecode.c.objc; path = RegisterViewController.m; sourceTree = "<group>"; };
		FEE23426190506470046F525 /* UnderLineLabel.h */ = {isa = PBXFileReference; lastKnownFileType = sourcecode.c.h; path = UnderLineLabel.h; sourceTree = "<group>"; };
		FEE234271905064E0046F525 /* UnderLineLabel.m */ = {isa = PBXFileReference; fileEncoding = 4; lastKnownFileType = sourcecode.c.objc; path = UnderLineLabel.m; sourceTree = "<group>"; };
		FEE2342919050CDC0046F525 /* TermsViewController.h */ = {isa = PBXFileReference; fileEncoding = 4; lastKnownFileType = sourcecode.c.h; path = TermsViewController.h; sourceTree = "<group>"; };
		FEE2342A19050CDC0046F525 /* TermsViewController.m */ = {isa = PBXFileReference; fileEncoding = 4; lastKnownFileType = sourcecode.c.objc; path = TermsViewController.m; sourceTree = "<group>"; };
/* End PBXFileReference section */

/* Begin PBXFrameworksBuildPhase section */
		B958C74118F7D8320043A3AC /* Frameworks */ = {
			isa = PBXFrameworksBuildPhase;
			buildActionMask = 2147483647;
			files = (
				B958C74A18F7D8320043A3AC /* CoreGraphics.framework in Frameworks */,
				B958C74C18F7D8320043A3AC /* UIKit.framework in Frameworks */,
				B958C74818F7D8320043A3AC /* Foundation.framework in Frameworks */,
			);
			runOnlyForDeploymentPostprocessing = 0;
		};
		B958C76818F7D8320043A3AC /* Frameworks */ = {
			isa = PBXFrameworksBuildPhase;
			buildActionMask = 2147483647;
			files = (
				B958C76D18F7D8320043A3AC /* XCTest.framework in Frameworks */,
				B958C76F18F7D8320043A3AC /* UIKit.framework in Frameworks */,
				B958C76E18F7D8320043A3AC /* Foundation.framework in Frameworks */,
			);
			runOnlyForDeploymentPostprocessing = 0;
		};
/* End PBXFrameworksBuildPhase section */

/* Begin PBXGroup section */
		B958C73B18F7D8320043A3AC = {
			isa = PBXGroup;
			children = (
				B958C74D18F7D8320043A3AC /* chat */,
				B958C77218F7D8320043A3AC /* chatTests */,
				B958C74618F7D8320043A3AC /* Frameworks */,
				B958C74518F7D8320043A3AC /* Products */,
			);
			sourceTree = "<group>";
		};
		B958C74518F7D8320043A3AC /* Products */ = {
			isa = PBXGroup;
			children = (
				B958C74418F7D8320043A3AC /* chat.app */,
				B958C76B18F7D8320043A3AC /* chatTests.xctest */,
			);
			name = Products;
			sourceTree = "<group>";
		};
		B958C74618F7D8320043A3AC /* Frameworks */ = {
			isa = PBXGroup;
			children = (
				B958C74718F7D8320043A3AC /* Foundation.framework */,
				B958C74918F7D8320043A3AC /* CoreGraphics.framework */,
				B958C74B18F7D8320043A3AC /* UIKit.framework */,
				B958C76C18F7D8320043A3AC /* XCTest.framework */,
			);
			name = Frameworks;
			sourceTree = "<group>";
		};
		B958C74D18F7D8320043A3AC /* chat */ = {
			isa = PBXGroup;
			children = (
				FE136F7F190E1F7900D0D82B /* en.lproj */,
				FE136F84190E1F7900D0D82B /* zh-Hans.lproj */,
				FE136F89190E1F7900D0D82B /* zh-Hant.lproj */,
				B95A6E9C1903F75900954F9D /* FINDALLMOMENT_result.txt */,
				B95A6E9E19053BFF00954F9D /* FINDTHING_result.txt */,
				B958C75618F7D8320043A3AC /* AppDelegate.h */,
				B958C75718F7D8320043A3AC /* AppDelegate.m */,
				B958C78818F80EC10043A3AC /* Main_iPhone.storyboard */,
				FEE2342919050CDC0046F525 /* TermsViewController.h */,
				FEE2342A19050CDC0046F525 /* TermsViewController.m */,
				FEE23426190506470046F525 /* UnderLineLabel.h */,
				FEE234271905064E0046F525 /* UnderLineLabel.m */,
				B958C78518F7ED720043A3AC /* LoginViewController.h */,
				B958C78618F7ED720043A3AC /* LoginViewController.m */,
				B958C79518FBE7A20043A3AC /* HomeViewController.h */,
				FEE23423190503B60046F525 /* RegisterViewController.h */,
				FEE23424190503B60046F525 /* RegisterViewController.m */,
				B958C79618FBE7A20043A3AC /* HomeViewController.m */,
				B958C79018FBB7140043A3AC /* MomentsViewController.h */,
				B958C79118FBB7140043A3AC /* MomentsViewController.m */,
				B9CB01DE18FFC942001D4100 /* MomentsAddViewController.h */,
				B9CB01DF18FFC942001D4100 /* MomentsAddViewController.m */,
				B958C78A18F949F90043A3AC /* ThingsViewController.h */,
				FE136F7D190E07DF00D0D82B /* terms.html */,
				B958C78B18F949F90043A3AC /* ThingsViewController.m */,
				B9CB01E71900F7C6001D4100 /* ThingsPageViewController.h */,
				B9CB01E81900F7C6001D4100 /* ThingsPageViewController.m */,
				B9CB01E11900157F001D4100 /* ThingsTableViewController.h */,
				B9CB01E21900157F001D4100 /* ThingsTableViewController.m */,
				B9CB01E419001639001D4100 /* ThingsCollectionViewController.h */,
				B9CB01E519001639001D4100 /* ThingsCollectionViewController.m */,
				B92114BF18FEC48C0057EC2E /* FriendSelectViewController.h */,
				B92114C018FEC48C0057EC2E /* FriendSelectViewController.m */,
				B958C78D18FBAF350043A3AC /* DataManager.h */,
				B958C78E18FBAF350043A3AC /* DataManager.m */,
				B958C79318FBDB790043A3AC /* Images.xcassets */,
				B958C74E18F7D8320043A3AC /* Supporting Files */,
			);
			path = chat;
			sourceTree = "<group>";
		};
		B958C74E18F7D8320043A3AC /* Supporting Files */ = {
			isa = PBXGroup;
			children = (
				B958C74F18F7D8320043A3AC /* chat-Info.plist */,
				B958C75318F7D8320043A3AC /* main.m */,
				B958C75518F7D8320043A3AC /* chat-Prefix.pch */,
			);
			name = "Supporting Files";
			sourceTree = "<group>";
		};
		B958C77218F7D8320043A3AC /* chatTests */ = {
			isa = PBXGroup;
			children = (
				B958C77818F7D8320043A3AC /* chatTests.m */,
				B958C77318F7D8320043A3AC /* Supporting Files */,
			);
			path = chatTests;
			sourceTree = "<group>";
		};
		B958C77318F7D8320043A3AC /* Supporting Files */ = {
			isa = PBXGroup;
			children = (
				B958C77418F7D8320043A3AC /* chatTests-Info.plist */,
				B958C77518F7D8320043A3AC /* InfoPlist.strings */,
			);
			name = "Supporting Files";
			sourceTree = "<group>";
		};
		FE136F7F190E1F7900D0D82B /* en.lproj */ = {
			isa = PBXGroup;
			children = (
				FE136F80190E1F7900D0D82B /* InfoPlist.strings */,
				FE136F82190E1F7900D0D82B /* Localizable.strings */,
			);
			path = en.lproj;
			sourceTree = "<group>";
		};
		FE136F84190E1F7900D0D82B /* zh-Hans.lproj */ = {
			isa = PBXGroup;
			children = (
				FE136F85190E1F7900D0D82B /* InfoPlist.strings */,
				FE136F87190E1F7900D0D82B /* Localizable.strings */,
			);
			path = "zh-Hans.lproj";
			sourceTree = "<group>";
		};
		FE136F89190E1F7900D0D82B /* zh-Hant.lproj */ = {
			isa = PBXGroup;
			children = (
				FE136F8A190E1F7900D0D82B /* InfoPlist.strings */,
			);
			path = "zh-Hant.lproj";
			sourceTree = "<group>";
		};
/* End PBXGroup section */

/* Begin PBXNativeTarget section */
		B958C74318F7D8320043A3AC /* chat */ = {
			isa = PBXNativeTarget;
			buildConfigurationList = B958C77C18F7D8320043A3AC /* Build configuration list for PBXNativeTarget "chat" */;
			buildPhases = (
				B958C74018F7D8320043A3AC /* Sources */,
				B958C74118F7D8320043A3AC /* Frameworks */,
				B958C74218F7D8320043A3AC /* Resources */,
			);
			buildRules = (
			);
			dependencies = (
			);
			name = chat;
			productName = chat;
			productReference = B958C74418F7D8320043A3AC /* chat.app */;
			productType = "com.apple.product-type.application";
		};
		B958C76A18F7D8320043A3AC /* chatTests */ = {
			isa = PBXNativeTarget;
			buildConfigurationList = B958C77F18F7D8320043A3AC /* Build configuration list for PBXNativeTarget "chatTests" */;
			buildPhases = (
				B958C76718F7D8320043A3AC /* Sources */,
				B958C76818F7D8320043A3AC /* Frameworks */,
				B958C76918F7D8320043A3AC /* Resources */,
			);
			buildRules = (
			);
			dependencies = (
				B958C77118F7D8320043A3AC /* PBXTargetDependency */,
			);
			name = chatTests;
			productName = chatTests;
			productReference = B958C76B18F7D8320043A3AC /* chatTests.xctest */;
			productType = "com.apple.product-type.bundle.unit-test";
		};
/* End PBXNativeTarget section */

/* Begin PBXProject section */
		B958C73C18F7D8320043A3AC /* Project object */ = {
			isa = PBXProject;
			attributes = {
				LastUpgradeCheck = 0510;
				TargetAttributes = {
					B958C76A18F7D8320043A3AC = {
						TestTargetID = B958C74318F7D8320043A3AC;
					};
				};
			};
			buildConfigurationList = B958C73F18F7D8320043A3AC /* Build configuration list for PBXProject "chat" */;
			compatibilityVersion = "Xcode 3.2";
			developmentRegion = English;
			hasScannedForEncodings = 0;
			knownRegions = (
				en,
				Base,
				"zh-Hans",
				"zh-Hant",
			);
			mainGroup = B958C73B18F7D8320043A3AC;
			productRefGroup = B958C74518F7D8320043A3AC /* Products */;
			projectDirPath = "";
			projectRoot = "";
			targets = (
				B958C74318F7D8320043A3AC /* chat */,
				B958C76A18F7D8320043A3AC /* chatTests */,
			);
		};
/* End PBXProject section */

/* Begin PBXResourcesBuildPhase section */
		B958C74218F7D8320043A3AC /* Resources */ = {
			isa = PBXResourcesBuildPhase;
			buildActionMask = 2147483647;
			files = (
				B958C79418FBDB790043A3AC /* Images.xcassets in Resources */,
				FE136F8E190E1F7900D0D82B /* InfoPlist.strings in Resources */,
				FE136F8C190E1F7900D0D82B /* InfoPlist.strings in Resources */,
				B958C78918F80EC10043A3AC /* Main_iPhone.storyboard in Resources */,
				FE136F8F190E1F7900D0D82B /* Localizable.strings in Resources */,
				FE136F8D190E1F7900D0D82B /* Localizable.strings in Resources */,
				B95A6E9D1903F75900954F9D /* FINDALLMOMENT_result.txt in Resources */,
				FE136F7E190E07DF00D0D82B /* terms.html in Resources */,
				B95A6E9F19053BFF00954F9D /* FINDTHING_result.txt in Resources */,
				FE136F90190E1F7900D0D82B /* InfoPlist.strings in Resources */,
			);
			runOnlyForDeploymentPostprocessing = 0;
		};
		B958C76918F7D8320043A3AC /* Resources */ = {
			isa = PBXResourcesBuildPhase;
			buildActionMask = 2147483647;
			files = (
				B958C77718F7D8320043A3AC /* InfoPlist.strings in Resources */,
			);
			runOnlyForDeploymentPostprocessing = 0;
		};
/* End PBXResourcesBuildPhase section */

/* Begin PBXSourcesBuildPhase section */
		B958C74018F7D8320043A3AC /* Sources */ = {
			isa = PBXSourcesBuildPhase;
			buildActionMask = 2147483647;
			files = (
				FEE2342B19050CDC0046F525 /* TermsViewController.m in Sources */,
				B9CB01E31900157F001D4100 /* ThingsTableViewController.m in Sources */,
				B9CB01E619001639001D4100 /* ThingsCollectionViewController.m in Sources */,
				B958C79218FBB7140043A3AC /* MomentsViewController.m in Sources */,
				B958C78C18F949F90043A3AC /* ThingsViewController.m in Sources */,
				B958C78F18FBAF350043A3AC /* DataManager.m in Sources */,
				B9CB01E018FFC942001D4100 /* MomentsAddViewController.m in Sources */,
				B9CB01E91900F7C6001D4100 /* ThingsPageViewController.m in Sources */,
				B958C75818F7D8320043A3AC /* AppDelegate.m in Sources */,
				B958C75418F7D8320043A3AC /* main.m in Sources */,
				FEE234281905064E0046F525 /* UnderLineLabel.m in Sources */,
				FEE23425190503B60046F525 /* RegisterViewController.m in Sources */,
				B958C79718FBE7A20043A3AC /* HomeViewController.m in Sources */,
				B92114C118FEC48C0057EC2E /* FriendSelectViewController.m in Sources */,
				B958C78718F7ED720043A3AC /* LoginViewController.m in Sources */,
			);
			runOnlyForDeploymentPostprocessing = 0;
		};
		B958C76718F7D8320043A3AC /* Sources */ = {
			isa = PBXSourcesBuildPhase;
			buildActionMask = 2147483647;
			files = (
				B958C77918F7D8320043A3AC /* chatTests.m in Sources */,
			);
			runOnlyForDeploymentPostprocessing = 0;
		};
/* End PBXSourcesBuildPhase section */

/* Begin PBXTargetDependency section */
		B958C77118F7D8320043A3AC /* PBXTargetDependency */ = {
			isa = PBXTargetDependency;
			target = B958C74318F7D8320043A3AC /* chat */;
			targetProxy = B958C77018F7D8320043A3AC /* PBXContainerItemProxy */;
		};
/* End PBXTargetDependency section */

/* Begin PBXVariantGroup section */
		B958C77518F7D8320043A3AC /* InfoPlist.strings */ = {
			isa = PBXVariantGroup;
			children = (
				B958C77618F7D8320043A3AC /* en */,
				FE01E1F21904F3810068A479 /* zh-Hans */,
			);
			name = InfoPlist.strings;
			sourceTree = "<group>";
		};
		FE136F80190E1F7900D0D82B /* InfoPlist.strings */ = {
			isa = PBXVariantGroup;
			children = (
				FE136F81190E1F7900D0D82B /* en */,
			);
			name = InfoPlist.strings;
			sourceTree = "<group>";
		};
		FE136F82190E1F7900D0D82B /* Localizable.strings */ = {
			isa = PBXVariantGroup;
			children = (
				FE136F83190E1F7900D0D82B /* en */,
			);
			name = Localizable.strings;
			sourceTree = "<group>";
		};
		FE136F85190E1F7900D0D82B /* InfoPlist.strings */ = {
			isa = PBXVariantGroup;
			children = (
				FE136F86190E1F7900D0D82B /* zh-Hans */,
			);
			name = InfoPlist.strings;
			sourceTree = "<group>";
		};
		FE136F87190E1F7900D0D82B /* Localizable.strings */ = {
			isa = PBXVariantGroup;
			children = (
				FE136F88190E1F7900D0D82B /* zh-Hans */,
			);
			name = Localizable.strings;
			sourceTree = "<group>";
		};
		FE136F8A190E1F7900D0D82B /* InfoPlist.strings */ = {
			isa = PBXVariantGroup;
			children = (
				FE136F8B190E1F7900D0D82B /* zh-Hant */,
			);
			name = InfoPlist.strings;
			sourceTree = "<group>";
		};
/* End PBXVariantGroup section */

/* Begin XCBuildConfiguration section */
		B958C77A18F7D8320043A3AC /* Debug */ = {
			isa = XCBuildConfiguration;
			buildSettings = {
				ALWAYS_SEARCH_USER_PATHS = NO;
				CLANG_CXX_LANGUAGE_STANDARD = "gnu++0x";
				CLANG_CXX_LIBRARY = "libc++";
				CLANG_ENABLE_MODULES = YES;
				CLANG_ENABLE_OBJC_ARC = YES;
				CLANG_WARN_BOOL_CONVERSION = YES;
				CLANG_WARN_CONSTANT_CONVERSION = YES;
				CLANG_WARN_DIRECT_OBJC_ISA_USAGE = YES_ERROR;
				CLANG_WARN_EMPTY_BODY = YES;
				CLANG_WARN_ENUM_CONVERSION = YES;
				CLANG_WARN_INT_CONVERSION = YES;
				CLANG_WARN_OBJC_ROOT_CLASS = YES_ERROR;
				CLANG_WARN__DUPLICATE_METHOD_MATCH = YES;
				"CODE_SIGN_IDENTITY[sdk=iphoneos*]" = "iPhone Developer";
				COPY_PHASE_STRIP = NO;
				GCC_C_LANGUAGE_STANDARD = gnu99;
				GCC_DYNAMIC_NO_PIC = NO;
				GCC_OPTIMIZATION_LEVEL = 0;
				GCC_PREPROCESSOR_DEFINITIONS = (
					"DEBUG=1",
					"$(inherited)",
				);
				GCC_SYMBOLS_PRIVATE_EXTERN = NO;
				GCC_WARN_64_TO_32_BIT_CONVERSION = YES;
				GCC_WARN_ABOUT_RETURN_TYPE = YES_ERROR;
				GCC_WARN_UNDECLARED_SELECTOR = YES;
				GCC_WARN_UNINITIALIZED_AUTOS = YES_AGGRESSIVE;
				GCC_WARN_UNUSED_FUNCTION = YES;
				GCC_WARN_UNUSED_VARIABLE = YES;
				IPHONEOS_DEPLOYMENT_TARGET = 7.1;
				ONLY_ACTIVE_ARCH = YES;
				SDKROOT = iphoneos;
				TARGETED_DEVICE_FAMILY = "1,2";
			};
			name = Debug;
		};
		B958C77B18F7D8320043A3AC /* Release */ = {
			isa = XCBuildConfiguration;
			buildSettings = {
				ALWAYS_SEARCH_USER_PATHS = NO;
				CLANG_CXX_LANGUAGE_STANDARD = "gnu++0x";
				CLANG_CXX_LIBRARY = "libc++";
				CLANG_ENABLE_MODULES = YES;
				CLANG_ENABLE_OBJC_ARC = YES;
				CLANG_WARN_BOOL_CONVERSION = YES;
				CLANG_WARN_CONSTANT_CONVERSION = YES;
				CLANG_WARN_DIRECT_OBJC_ISA_USAGE = YES_ERROR;
				CLANG_WARN_EMPTY_BODY = YES;
				CLANG_WARN_ENUM_CONVERSION = YES;
				CLANG_WARN_INT_CONVERSION = YES;
				CLANG_WARN_OBJC_ROOT_CLASS = YES_ERROR;
				CLANG_WARN__DUPLICATE_METHOD_MATCH = YES;
				"CODE_SIGN_IDENTITY[sdk=iphoneos*]" = "iPhone Developer";
				COPY_PHASE_STRIP = YES;
				ENABLE_NS_ASSERTIONS = NO;
				GCC_C_LANGUAGE_STANDARD = gnu99;
				GCC_WARN_64_TO_32_BIT_CONVERSION = YES;
				GCC_WARN_ABOUT_RETURN_TYPE = YES_ERROR;
				GCC_WARN_UNDECLARED_SELECTOR = YES;
				GCC_WARN_UNINITIALIZED_AUTOS = YES_AGGRESSIVE;
				GCC_WARN_UNUSED_FUNCTION = YES;
				GCC_WARN_UNUSED_VARIABLE = YES;
				IPHONEOS_DEPLOYMENT_TARGET = 7.1;
				SDKROOT = iphoneos;
				TARGETED_DEVICE_FAMILY = "1,2";
				VALIDATE_PRODUCT = YES;
			};
			name = Release;
		};
		B958C77D18F7D8320043A3AC /* Debug */ = {
			isa = XCBuildConfiguration;
			buildSettings = {
				ASSETCATALOG_COMPILER_APPICON_NAME = AppIcon;
				ASSETCATALOG_COMPILER_LAUNCHIMAGE_NAME = LaunchImage;
				GCC_PRECOMPILE_PREFIX_HEADER = YES;
				GCC_PREFIX_HEADER = "chat/chat-Prefix.pch";
				INFOPLIST_FILE = "chat/chat-Info.plist";
				IPHONEOS_DEPLOYMENT_TARGET = 7.0;
				PRODUCT_NAME = "$(TARGET_NAME)";
				TARGETED_DEVICE_FAMILY = 1;
				WRAPPER_EXTENSION = app;
			};
			name = Debug;
		};
		B958C77E18F7D8320043A3AC /* Release */ = {
			isa = XCBuildConfiguration;
			buildSettings = {
				ASSETCATALOG_COMPILER_APPICON_NAME = AppIcon;
				ASSETCATALOG_COMPILER_LAUNCHIMAGE_NAME = LaunchImage;
				GCC_PRECOMPILE_PREFIX_HEADER = YES;
				GCC_PREFIX_HEADER = "chat/chat-Prefix.pch";
				INFOPLIST_FILE = "chat/chat-Info.plist";
				IPHONEOS_DEPLOYMENT_TARGET = 7.0;
				PRODUCT_NAME = "$(TARGET_NAME)";
				TARGETED_DEVICE_FAMILY = 1;
				WRAPPER_EXTENSION = app;
			};
			name = Release;
		};
		B958C78018F7D8320043A3AC /* Debug */ = {
			isa = XCBuildConfiguration;
			buildSettings = {
				BUNDLE_LOADER = "$(BUILT_PRODUCTS_DIR)/chat.app/chat";
				FRAMEWORK_SEARCH_PATHS = (
					"$(SDKROOT)/Developer/Library/Frameworks",
					"$(inherited)",
					"$(DEVELOPER_FRAMEWORKS_DIR)",
				);
				GCC_PRECOMPILE_PREFIX_HEADER = YES;
				GCC_PREFIX_HEADER = "chat/chat-Prefix.pch";
				GCC_PREPROCESSOR_DEFINITIONS = (
					"DEBUG=1",
					"$(inherited)",
				);
				INFOPLIST_FILE = "chatTests/chatTests-Info.plist";
				PRODUCT_NAME = "$(TARGET_NAME)";
				TEST_HOST = "$(BUNDLE_LOADER)";
				WRAPPER_EXTENSION = xctest;
			};
			name = Debug;
		};
		B958C78118F7D8320043A3AC /* Release */ = {
			isa = XCBuildConfiguration;
			buildSettings = {
				BUNDLE_LOADER = "$(BUILT_PRODUCTS_DIR)/chat.app/chat";
				FRAMEWORK_SEARCH_PATHS = (
					"$(SDKROOT)/Developer/Library/Frameworks",
					"$(inherited)",
					"$(DEVELOPER_FRAMEWORKS_DIR)",
				);
				GCC_PRECOMPILE_PREFIX_HEADER = YES;
				GCC_PREFIX_HEADER = "chat/chat-Prefix.pch";
				INFOPLIST_FILE = "chatTests/chatTests-Info.plist";
				PRODUCT_NAME = "$(TARGET_NAME)";
				TEST_HOST = "$(BUNDLE_LOADER)";
				WRAPPER_EXTENSION = xctest;
			};
			name = Release;
		};
/* End XCBuildConfiguration section */

/* Begin XCConfigurationList section */
		B958C73F18F7D8320043A3AC /* Build configuration list for PBXProject "chat" */ = {
			isa = XCConfigurationList;
			buildConfigurations = (
				B958C77A18F7D8320043A3AC /* Debug */,
				B958C77B18F7D8320043A3AC /* Release */,
			);
			defaultConfigurationIsVisible = 0;
			defaultConfigurationName = Release;
		};
		B958C77C18F7D8320043A3AC /* Build configuration list for PBXNativeTarget "chat" */ = {
			isa = XCConfigurationList;
			buildConfigurations = (
				B958C77D18F7D8320043A3AC /* Debug */,
				B958C77E18F7D8320043A3AC /* Release */,
			);
			defaultConfigurationIsVisible = 0;
			defaultConfigurationName = Release;
		};
		B958C77F18F7D8320043A3AC /* Build configuration list for PBXNativeTarget "chatTests" */ = {
			isa = XCConfigurationList;
			buildConfigurations = (
				B958C78018F7D8320043A3AC /* Debug */,
				B958C78118F7D8320043A3AC /* Release */,
			);
			defaultConfigurationIsVisible = 0;
			defaultConfigurationName = Release;
		};
/* End XCConfigurationList section */
	};
	rootObject = B958C73C18F7D8320043A3AC /* Project object */;
}
